// !$*UTF8*$!
{
	archiveVersion = 1;
	classes = {
	};
	objectVersion = 50;
	objects = {

/* Begin PBXBuildFile section */
		F04D5755222FB9DE009BB645 /* AppDelegate.m in Sources */ = {isa = PBXBuildFile; fileRef = F04D5754222FB9DE009BB645 /* AppDelegate.m */; };
		F04D5758222FB9DE009BB645 /* ViewController.m in Sources */ = {isa = PBXBuildFile; fileRef = F04D5757222FB9DE009BB645 /* ViewController.m */; };
		F04D575B222FB9DE009BB645 /* Main.storyboard in Resources */ = {isa = PBXBuildFile; fileRef = F04D5759222FB9DE009BB645 /* Main.storyboard */; };
		F04D575D222FBA05009BB645 /* Assets.xcassets in Resources */ = {isa = PBXBuildFile; fileRef = F04D575C222FBA05009BB645 /* Assets.xcassets */; };
		F04D5760222FBA05009BB645 /* LaunchScreen.storyboard in Resources */ = {isa = PBXBuildFile; fileRef = F04D575E222FBA05009BB645 /* LaunchScreen.storyboard */; };
		F04D5763222FBA05009BB645 /* main.m in Sources */ = {isa = PBXBuildFile; fileRef = F04D5762222FBA05009BB645 /* main.m */; };
		F0F1630322310835005E7825 /* ESCHeartRateView.m in Sources */ = {isa = PBXBuildFile; fileRef = F0F1630222310835005E7825 /* ESCHeartRateView.m */; };
		F0F16307223114CE005E7825 /* ESCImageTool.m in Sources */ = {isa = PBXBuildFile; fileRef = F0F16306223114CE005E7825 /* ESCImageTool.m */; };
		F0F1630A22311544005E7825 /* ESCColorTool.m in Sources */ = {isa = PBXBuildFile; fileRef = F0F1630922311544005E7825 /* ESCColorTool.m */; };
		F0F1630D223115BF005E7825 /* ESCCameraTool.m in Sources */ = {isa = PBXBuildFile; fileRef = F0F1630C223115BF005E7825 /* ESCCameraTool.m */; };
/* End PBXBuildFile section */

/* Begin PBXFileReference section */
		F04D5750222FB9DE009BB645 /* ESCHeartRateDemo.app */ = {isa = PBXFileReference; explicitFileType = wrapper.application; includeInIndex = 0; path = ESCHeartRateDemo.app; sourceTree = BUILT_PRODUCTS_DIR; };
		F04D5753222FB9DE009BB645 /* AppDelegate.h */ = {isa = PBXFileReference; lastKnownFileType = sourcecode.c.h; path = AppDelegate.h; sourceTree = "<group>"; };
		F04D5754222FB9DE009BB645 /* AppDelegate.m */ = {isa = PBXFileReference; lastKnownFileType = sourcecode.c.objc; path = AppDelegate.m; sourceTree = "<group>"; };
		F04D5756222FB9DE009BB645 /* ViewController.h */ = {isa = PBXFileReference; lastKnownFileType = sourcecode.c.h; path = ViewController.h; sourceTree = "<group>"; };
		F04D5757222FB9DE009BB645 /* ViewController.m */ = {isa = PBXFileReference; lastKnownFileType = sourcecode.c.objc; path = ViewController.m; sourceTree = "<group>"; };
		F04D575A222FB9DE009BB645 /* Base */ = {isa = PBXFileReference; lastKnownFileType = file.storyboard; name = Base; path = Base.lproj/Main.storyboard; sourceTree = "<group>"; };
		F04D575C222FBA05009BB645 /* Assets.xcassets */ = {isa = PBXFileReference; lastKnownFileType = folder.assetcatalog; path = Assets.xcassets; sourceTree = "<group>"; };
		F04D575F222FBA05009BB645 /* Base */ = {isa = PBXFileReference; lastKnownFileType = file.storyboard; name = Base; path = Base.lproj/LaunchScreen.storyboard; sourceTree = "<group>"; };
		F04D5761222FBA05009BB645 /* Info.plist */ = {isa = PBXFileReference; lastKnownFileType = text.plist.xml; path = Info.plist; sourceTree = "<group>"; };
		F04D5762222FBA05009BB645 /* main.m */ = {isa = PBXFileReference; lastKnownFileType = sourcecode.c.objc; path = main.m; sourceTree = "<group>"; };
		F0F1630122310835005E7825 /* ESCHeartRateView.h */ = {isa = PBXFileReference; lastKnownFileType = sourcecode.c.h; path = ESCHeartRateView.h; sourceTree = "<group>"; };
		F0F1630222310835005E7825 /* ESCHeartRateView.m */ = {isa = PBXFileReference; lastKnownFileType = sourcecode.c.objc; path = ESCHeartRateView.m; sourceTree = "<group>"; };
		F0F16305223114CE005E7825 /* ESCImageTool.h */ = {isa = PBXFileReference; lastKnownFileType = sourcecode.c.h; path = ESCImageTool.h; sourceTree = "<group>"; };
		F0F16306223114CE005E7825 /* ESCImageTool.m */ = {isa = PBXFileReference; lastKnownFileType = sourcecode.c.objc; path = ESCImageTool.m; sourceTree = "<group>"; };
		F0F1630822311544005E7825 /* ESCColorTool.h */ = {isa = PBXFileReference; lastKnownFileType = sourcecode.c.h; path = ESCColorTool.h; sourceTree = "<group>"; };
		F0F1630922311544005E7825 /* ESCColorTool.m */ = {isa = PBXFileReference; lastKnownFileType = sourcecode.c.objc; path = ESCColorTool.m; sourceTree = "<group>"; };
		F0F1630B223115BF005E7825 /* ESCCameraTool.h */ = {isa = PBXFileReference; lastKnownFileType = sourcecode.c.h; path = ESCCameraTool.h; sourceTree = "<group>"; };
		F0F1630C223115BF005E7825 /* ESCCameraTool.m */ = {isa = PBXFileReference; lastKnownFileType = sourcecode.c.objc; path = ESCCameraTool.m; sourceTree = "<group>"; };
/* End PBXFileReference section */

/* Begin PBXFrameworksBuildPhase section */
		F04D574D222FB9DE009BB645 /* Frameworks */ = {
			isa = PBXFrameworksBuildPhase;
			buildActionMask = 2147483647;
			files = (
			);
			runOnlyForDeploymentPostprocessing = 0;
		};
/* End PBXFrameworksBuildPhase section */

/* Begin PBXGroup section */
		F04D5747222FB9DE009BB645 = {
			isa = PBXGroup;
			children = (
				F04D5752222FB9DE009BB645 /* ESCHeartRateDemo */,
				F04D5751222FB9DE009BB645 /* Products */,
			);
			sourceTree = "<group>";
		};
		F04D5751222FB9DE009BB645 /* Products */ = {
			isa = PBXGroup;
			children = (
				F04D5750222FB9DE009BB645 /* ESCHeartRateDemo.app */,
			);
			name = Products;
			sourceTree = "<group>";
		};
		F04D5752222FB9DE009BB645 /* ESCHeartRateDemo */ = {
			isa = PBXGroup;
			children = (
				F04D5753222FB9DE009BB645 /* AppDelegate.h */,
				F04D5754222FB9DE009BB645 /* AppDelegate.m */,
				F04D5756222FB9DE009BB645 /* ViewController.h */,
				F04D5757222FB9DE009BB645 /* ViewController.m */,
				F04D5759222FB9DE009BB645 /* Main.storyboard */,
				F0F1630122310835005E7825 /* ESCHeartRateView.h */,
				F0F1630222310835005E7825 /* ESCHeartRateView.m */,
				F0F16304223114B2005E7825 /* Tool */,
				F04D575C222FBA05009BB645 /* Assets.xcassets */,
				F04D575E222FBA05009BB645 /* LaunchScreen.storyboard */,
				F04D5761222FBA05009BB645 /* Info.plist */,
				F04D5762222FBA05009BB645 /* main.m */,
			);
			path = ESCHeartRateDemo;
			sourceTree = "<group>";
		};
		F0F16304223114B2005E7825 /* Tool */ = {
			isa = PBXGroup;
			children = (
				F0F16305223114CE005E7825 /* ESCImageTool.h */,
				F0F16306223114CE005E7825 /* ESCImageTool.m */,
				F0F1630822311544005E7825 /* ESCColorTool.h */,
				F0F1630922311544005E7825 /* ESCColorTool.m */,
				F0F1630B223115BF005E7825 /* ESCCameraTool.h */,
				F0F1630C223115BF005E7825 /* ESCCameraTool.m */,
			);
			path = Tool;
			sourceTree = "<group>";
		};
/* End PBXGroup section */

/* Begin PBXNativeTarget section */
		F04D574F222FB9DE009BB645 /* ESCHeartRateDemo */ = {
			isa = PBXNativeTarget;
			buildConfigurationList = F04D5766222FBA05009BB645 /* Build configuration list for PBXNativeTarget "ESCHeartRateDemo" */;
			buildPhases = (
				F04D574C222FB9DE009BB645 /* Sources */,
				F04D574D222FB9DE009BB645 /* Frameworks */,
				F04D574E222FB9DE009BB645 /* Resources */,
			);
			buildRules = (
			);
			dependencies = (
			);
			name = ESCHeartRateDemo;
			productName = ESCHeartRateDemo;
			productReference = F04D5750222FB9DE009BB645 /* ESCHeartRateDemo.app */;
			productType = "com.apple.product-type.application";
		};
/* End PBXNativeTarget section */

/* Begin PBXProject section */
		F04D5748222FB9DE009BB645 /* Project object */ = {
			isa = PBXProject;
			attributes = {
				LastUpgradeCheck = 1010;
				ORGANIZATIONNAME = xiang;
				TargetAttributes = {
					F04D574F222FB9DE009BB645 = {
						CreatedOnToolsVersion = 10.1;
					};
				};
			};
			buildConfigurationList = F04D574B222FB9DE009BB645 /* Build configuration list for PBXProject "ESCHeartRateDemo" */;
			compatibilityVersion = "Xcode 9.3";
			developmentRegion = en;
			hasScannedForEncodings = 0;
			knownRegions = (
				en,
				Base,
			);
			mainGroup = F04D5747222FB9DE009BB645;
			productRefGroup = F04D5751222FB9DE009BB645 /* Products */;
			projectDirPath = "";
			projectRoot = "";
			targets = (
				F04D574F222FB9DE009BB645 /* ESCHeartRateDemo */,
			);
		};
/* End PBXProject section */

/* Begin PBXResourcesBuildPhase section */
		F04D574E222FB9DE009BB645 /* Resources */ = {
			isa = PBXResourcesBuildPhase;
			buildActionMask = 2147483647;
			files = (
				F04D5760222FBA05009BB645 /* LaunchScreen.storyboard in Resources */,
				F04D575D222FBA05009BB645 /* Assets.xcassets in Resources */,
				F04D575B222FB9DE009BB645 /* Main.storyboard in Resources */,
			);
			runOnlyForDeploymentPostprocessing = 0;
		};
/* End PBXResourcesBuildPhase section */

/* Begin PBXSourcesBuildPhase section */
		F04D574C222FB9DE009BB645 /* Sources */ = {
			isa = PBXSourcesBuildPhase;
			buildActionMask = 2147483647;
			files = (
				F0F1630D223115BF005E7825 /* ESCCameraTool.m in Sources */,
				F04D5758222FB9DE009BB645 /* ViewController.m in Sources */,
				F0F16307223114CE005E7825 /* ESCImageTool.m in Sources */,
				F04D5763222FBA05009BB645 /* main.m in Sources */,
				F04D5755222FB9DE009BB645 /* AppDelegate.m in Sources */,
				F0F1630322310835005E7825 /* ESCHeartRateView.m in Sources */,
				F0F1630A22311544005E7825 /* ESCColorTool.m in Sources */,
			);
			runOnlyForDeploymentPostprocessing = 0;
		};
/* End PBXSourcesBuildPhase section */

/* Begin PBXVariantGroup section */
		F04D5759222FB9DE009BB645 /* Main.storyboard */ = {
			isa = PBXVariantGroup;
			children = (
				F04D575A222FB9DE009BB645 /* Base */,
			);
			name = Main.storyboard;
			sourceTree = "<group>";
		};
		F04D575E222FBA05009BB645 /* LaunchScreen.storyboard */ = {
			isa = PBXVariantGroup;
			children = (
				F04D575F222FBA05009BB645 /* Base */,
			);
			name = LaunchScreen.storyboard;
			sourceTree = "<group>";
		};
/* End PBXVariantGroup section */

/* Begin XCBuildConfiguration section */
		F04D5764222FBA05009BB645 /* Debug */ = {
			isa = XCBuildConfiguration;
			buildSettings = {
				ALWAYS_SEARCH_USER_PATHS = NO;
				CLANG_ANALYZER_NONNULL = YES;
				CLANG_ANALYZER_NUMBER_OBJECT_CONVERSION = YES_AGGRESSIVE;
				CLANG_CXX_LANGUAGE_STANDARD = "gnu++14";
				CLANG_CXX_LIBRARY = "libc++";
				CLANG_ENABLE_MODULES = YES;
				CLANG_ENABLE_OBJC_ARC = YES;
				CLANG_ENABLE_OBJC_WEAK = YES;
				CLANG_WARN_BLOCK_CAPTURE_AUTORELEASING = YES;
				CLANG_WARN_BOOL_CONVERSION = YES;
				CLANG_WARN_COMMA = YES;
				CLANG_WARN_CONSTANT_CONVERSION = YES;
				CLANG_WARN_DEPRECATED_OBJC_IMPLEMENTATIONS = YES;
				CLANG_WARN_DIRECT_OBJC_ISA_USAGE = YES_ERROR;
				CLANG_WARN_DOCUMENTATION_COMMENTS = YES;
				CLANG_WARN_EMPTY_BODY = YES;
				CLANG_WARN_ENUM_CONVERSION = YES;
				CLANG_WARN_INFINITE_RECURSION = YES;
				CLANG_WARN_INT_CONVERSION = YES;
				CLANG_WARN_NON_LITERAL_NULL_CONVERSION = YES;
				CLANG_WARN_OBJC_IMPLICIT_RETAIN_SELF = YES;
				CLANG_WARN_OBJC_LITERAL_CONVERSION = YES;
				CLANG_WARN_OBJC_ROOT_CLASS = YES_ERROR;
				CLANG_WARN_RANGE_LOOP_ANALYSIS = YES;
				CLANG_WARN_STRICT_PROTOTYPES = YES;
				CLANG_WARN_SUSPICIOUS_MOVE = YES;
				CLANG_WARN_UNGUARDED_AVAILABILITY = YES_AGGRESSIVE;
				CLANG_WARN_UNREACHABLE_CODE = YES;
				CLANG_WARN__DUPLICATE_METHOD_MATCH = YES;
				CODE_SIGN_IDENTITY = "iPhone Developer";
				COPY_PHASE_STRIP = NO;
				DEBUG_INFORMATION_FORMAT = dwarf;
				ENABLE_STRICT_OBJC_MSGSEND = YES;
				ENABLE_TESTABILITY = YES;
				GCC_C_LANGUAGE_STANDARD = gnu11;
				GCC_DYNAMIC_NO_PIC = NO;
				GCC_NO_COMMON_BLOCKS = YES;
				GCC_OPTIMIZATION_LEVEL = 0;
				GCC_PREPROCESSOR_DEFINITIONS = (
					"DEBUG=1",
					"$(inherited)",
				);
				GCC_WARN_64_TO_32_BIT_CONVERSION = YES;
				GCC_WARN_ABOUT_RETURN_TYPE = YES_ERROR;
				GCC_WARN_UNDECLARED_SELECTOR = YES;
				GCC_WARN_UNINITIALIZED_AUTOS = YES_AGGRESSIVE;
				GCC_WARN_UNUSED_FUNCTION = YES;
				GCC_WARN_UNUSED_VARIABLE = YES;
				IPHONEOS_DEPLOYMENT_TARGET = 12.1;
				MTL_ENABLE_DEBUG_INFO = INCLUDE_SOURCE;
				MTL_FAST_MATH = YES;
				ONLY_ACTIVE_ARCH = YES;
				SDKROOT = iphoneos;
			};
			name = Debug;
		};
		F04D5765222FBA05009BB645 /* Release */ = {
			isa = XCBuildConfiguration;
			buildSettings = {
				ALWAYS_SEARCH_USER_PATHS = NO;
				CLANG_ANALYZER_NONNULL = YES;
				CLANG_ANALYZER_NUMBER_OBJECT_CONVERSION = YES_AGGRESSIVE;
				CLANG_CXX_LANGUAGE_STANDARD = "gnu++14";
				CLANG_CXX_LIBRARY = "libc++";
				CLANG_ENABLE_MODULES = YES;
				CLANG_ENABLE_OBJC_ARC = YES;
				CLANG_ENABLE_OBJC_WEAK = YES;
				CLANG_WARN_BLOCK_CAPTURE_AUTORELEASING = YES;
				CLANG_WARN_BOOL_CONVERSION = YES;
				CLANG_WARN_COMMA = YES;
				CLANG_WARN_CONSTANT_CONVERSION = YES;
				CLANG_WARN_DEPRECATED_OBJC_IMPLEMENTATIONS = YES;
				CLANG_WARN_DIRECT_OBJC_ISA_USAGE = YES_ERROR;
				CLANG_WARN_DOCUMENTATION_COMMENTS = YES;
				CLANG_WARN_EMPTY_BODY = YES;
				CLANG_WARN_ENUM_CONVERSION = YES;
				CLANG_WARN_INFINITE_RECURSION = YES;
				CLANG_WARN_INT_CONVERSION = YES;
				CLANG_WARN_NON_LITERAL_NULL_CONVERSION = YES;
				CLANG_WARN_OBJC_IMPLICIT_RETAIN_SELF = YES;
				CLANG_WARN_OBJC_LITERAL_CONVERSION = YES;
				CLANG_WARN_OBJC_ROOT_CLASS = YES_ERROR;
				CLANG_WARN_RANGE_LOOP_ANALYSIS = YES;
				CLANG_WARN_STRICT_PROTOTYPES = YES;
				CLANG_WARN_SUSPICIOUS_MOVE = YES;
				CLANG_WARN_UNGUARDED_AVAILABILITY = YES_AGGRESSIVE;
				CLANG_WARN_UNREACHABLE_CODE = YES;
				CLANG_WARN__DUPLICATE_METHOD_MATCH = YES;
				CODE_SIGN_IDENTITY = "iPhone Developer";
				COPY_PHASE_STRIP = NO;
				DEBUG_INFORMATION_FORMAT = "dwarf-with-dsym";
				ENABLE_NS_ASSERTIONS = NO;
				ENABLE_STRICT_OBJC_MSGSEND = YES;
				GCC_C_LANGUAGE_STANDARD = gnu11;
				GCC_NO_COMMON_BLOCKS = YES;
				GCC_WARN_64_TO_32_BIT_CONVERSION = YES;
				GCC_WARN_ABOUT_RETURN_TYPE = YES_ERROR;
				GCC_WARN_UNDECLARED_SELECTOR = YES;
				GCC_WARN_UNINITIALIZED_AUTOS = YES_AGGRESSIVE;
				GCC_WARN_UNUSED_FUNCTION = YES;
				GCC_WARN_UNUSED_VARIABLE = YES;
				IPHONEOS_DEPLOYMENT_TARGET = 12.1;
				MTL_ENABLE_DEBUG_INFO = NO;
				MTL_FAST_MATH = YES;
				SDKROOT = iphoneos;
				VALIDATE_PRODUCT = YES;
			};
			name = Release;
		};
		F04D5767222FBA05009BB645 /* Debug */ = {
			isa = XCBuildConfiguration;
			buildSettings = {
				ASSETCATALOG_COMPILER_APPICON_NAME = AppIcon;
				CODE_SIGN_STYLE = Automatic;
				DEVELOPMENT_TEAM = NZ6KCMA9HH;
				INFOPLIST_FILE = ESCHeartRateDemo/Info.plist;
				LD_RUNPATH_SEARCH_PATHS = (
					"$(inherited)",
					"@executable_path/Frameworks",
				);
				PRODUCT_BUNDLE_IDENTIFIER = com.xiang.ESCHeartRateDemo;
				PRODUCT_NAME = "$(TARGET_NAME)";
				TARGETED_DEVICE_FAMILY = "1,2";
			};
			name = Debug;
		};
		F04D5768222FBA05009BB645 /* Release */ = {
			isa = XCBuildConfiguration;
			buildSettings = {
				ASSETCATALOG_COMPILER_APPICON_NAME = AppIcon;
				CODE_SIGN_STYLE = Automatic;
				DEVELOPMENT_TEAM = NZ6KCMA9HH;
				INFOPLIST_FILE = ESCHeartRateDemo/Info.plist;
				LD_RUNPATH_SEARCH_PATHS = (
					"$(inherited)",
					"@executable_path/Frameworks",
				);
				PRODUCT_BUNDLE_IDENTIFIER = com.xiang.ESCHeartRateDemo;
				PRODUCT_NAME = "$(TARGET_NAME)";
				TARGETED_DEVICE_FAMILY = "1,2";
			};
			name = Release;
		};
/* End XCBuildConfiguration section */

/* Begin XCConfigurationList section */
		F04D574B222FB9DE009BB645 /* Build configuration list for PBXProject "ESCHeartRateDemo" */ = {
			isa = XCConfigurationList;
			buildConfigurations = (
				F04D5764222FBA05009BB645 /* Debug */,
				F04D5765222FBA05009BB645 /* Release */,
			);
			defaultConfigurationIsVisible = 0;
			defaultConfigurationName = Release;
		};
		F04D5766222FBA05009BB645 /* Build configuration list for PBXNativeTarget "ESCHeartRateDemo" */ = {
			isa = XCConfigurationList;
			buildConfigurations = (
				F04D5767222FBA05009BB645 /* Debug */,
				F04D5768222FBA05009BB645 /* Release */,
			);
			defaultConfigurationIsVisible = 0;
			defaultConfigurationName = Release;
		};
/* End XCConfigurationList section */
	};
	rootObject = F04D5748222FB9DE009BB645 /* Project object */;
}
